// !$*UTF8*$!
{
	archiveVersion = 1;
	classes = {
	};
	objectVersion = 46;
	objects = {

/* Begin PBXBuildFile section */
		B72473691B8303CE00191850 /* main.m in Sources */ = {isa = PBXBuildFile; fileRef = B72473681B8303CE00191850 /* main.m */; };
		B724736C1B8303CE00191850 /* AppDelegate.m in Sources */ = {isa = PBXBuildFile; fileRef = B724736B1B8303CE00191850 /* AppDelegate.m */; };
		B724736F1B8303CE00191850 /* ViewController.m in Sources */ = {isa = PBXBuildFile; fileRef = B724736E1B8303CE00191850 /* ViewController.m */; };
		B72473721B8303CE00191850 /* Main.storyboard in Resources */ = {isa = PBXBuildFile; fileRef = B72473701B8303CE00191850 /* Main.storyboard */; };
		B72473741B8303CE00191850 /* Images.xcassets in Resources */ = {isa = PBXBuildFile; fileRef = B72473731B8303CE00191850 /* Images.xcassets */; };
		B72473771B8303CE00191850 /* LaunchScreen.xib in Resources */ = {isa = PBXBuildFile; fileRef = B72473751B8303CE00191850 /* LaunchScreen.xib */; };
		B72473831B8303CE00191850 /* runTimeTests.m in Sources */ = {isa = PBXBuildFile; fileRef = B72473821B8303CE00191850 /* runTimeTests.m */; };
		B724738E1B83082B00191850 /* CA.m in Sources */ = {isa = PBXBuildFile; fileRef = B724738D1B83082B00191850 /* CA.m */; };
/* End PBXBuildFile section */

/* Begin PBXContainerItemProxy section */
		B724737D1B8303CE00191850 /* PBXContainerItemProxy */ = {
			isa = PBXContainerItemProxy;
			containerPortal = B724735B1B8303CE00191850 /* Project object */;
			proxyType = 1;
			remoteGlobalIDString = B72473621B8303CE00191850;
			remoteInfo = runTime;
		};
/* End PBXContainerItemProxy section */

/* Begin PBXFileReference section */
		B72473631B8303CE00191850 /* runTime.app */ = {isa = PBXFileReference; explicitFileType = wrapper.application; includeInIndex = 0; path = runTime.app; sourceTree = BUILT_PRODUCTS_DIR; };
		B72473671B8303CE00191850 /* Info.plist */ = {isa = PBXFileReference; lastKnownFileType = text.plist.xml; path = Info.plist; sourceTree = "<group>"; };
		B72473681B8303CE00191850 /* main.m */ = {isa = PBXFileReference; lastKnownFileType = sourcecode.c.objc; path = main.m; sourceTree = "<group>"; };
		B724736A1B8303CE00191850 /* AppDelegate.h */ = {isa = PBXFileReference; lastKnownFileType = sourcecode.c.h; path = AppDelegate.h; sourceTree = "<group>"; };
		B724736B1B8303CE00191850 /* AppDelegate.m */ = {isa = PBXFileReference; lastKnownFileType = sourcecode.c.objc; path = AppDelegate.m; sourceTree = "<group>"; };
		B724736D1B8303CE00191850 /* ViewController.h */ = {isa = PBXFileReference; lastKnownFileType = sourcecode.c.h; path = ViewController.h; sourceTree = "<group>"; };
		B724736E1B8303CE00191850 /* ViewController.m */ = {isa = PBXFileReference; lastKnownFileType = sourcecode.c.objc; path = ViewController.m; sourceTree = "<group>"; };
		B72473711B8303CE00191850 /* Base */ = {isa = PBXFileReference; lastKnownFileType = file.storyboard; name = Base; path = Base.lproj/Main.storyboard; sourceTree = "<group>"; };
		B72473731B8303CE00191850 /* Images.xcassets */ = {isa = PBXFileReference; lastKnownFileType = folder.assetcatalog; path = Images.xcassets; sourceTree = "<group>"; };
		B72473761B8303CE00191850 /* Base */ = {isa = PBXFileReference; lastKnownFileType = file.xib; name = Base; path = Base.lproj/LaunchScreen.xib; sourceTree = "<group>"; };
		B724737C1B8303CE00191850 /* runTimeTests.xctest */ = {isa = PBXFileReference; explicitFileType = wrapper.cfbundle; includeInIndex = 0; path = runTimeTests.xctest; sourceTree = BUILT_PRODUCTS_DIR; };
		B72473811B8303CE00191850 /* Info.plist */ = {isa = PBXFileReference; lastKnownFileType = text.plist.xml; path = Info.plist; sourceTree = "<group>"; };
		B72473821B8303CE00191850 /* runTimeTests.m */ = {isa = PBXFileReference; lastKnownFileType = sourcecode.c.objc; path = runTimeTests.m; sourceTree = "<group>"; };
		B724738C1B83082B00191850 /* CA.h */ = {isa = PBXFileReference; fileEncoding = 4; lastKnownFileType = sourcecode.c.h; path = CA.h; sourceTree = "<group>"; };
		B724738D1B83082B00191850 /* CA.m */ = {isa = PBXFileReference; fileEncoding = 4; lastKnownFileType = sourcecode.c.objc; path = CA.m; sourceTree = "<group>"; };
/* End PBXFileReference section */

/* Begin PBXFrameworksBuildPhase section */
		B72473601B8303CE00191850 /* Frameworks */ = {
			isa = PBXFrameworksBuildPhase;
			buildActionMask = 2147483647;
			files = (
			);
			runOnlyForDeploymentPostprocessing = 0;
		};
		B72473791B8303CE00191850 /* Frameworks */ = {
			isa = PBXFrameworksBuildPhase;
			buildActionMask = 2147483647;
			files = (
			);
			runOnlyForDeploymentPostprocessing = 0;
		};
/* End PBXFrameworksBuildPhase section */

/* Begin PBXGroup section */
		B724735A1B8303CE00191850 = {
			isa = PBXGroup;
			children = (
				B72473651B8303CE00191850 /* runTime */,
				B724737F1B8303CE00191850 /* runTimeTests */,
				B72473641B8303CE00191850 /* Products */,
			);
			sourceTree = "<group>";
		};
		B72473641B8303CE00191850 /* Products */ = {
			isa = PBXGroup;
			children = (
				B72473631B8303CE00191850 /* runTime.app */,
				B724737C1B8303CE00191850 /* runTimeTests.xctest */,
			);
			name = Products;
			sourceTree = "<group>";
		};
		B72473651B8303CE00191850 /* runTime */ = {
			isa = PBXGroup;
			children = (
				B724736A1B8303CE00191850 /* AppDelegate.h */,
				B724736B1B8303CE00191850 /* AppDelegate.m */,
				B724736D1B8303CE00191850 /* ViewController.h */,
				B724736E1B8303CE00191850 /* ViewController.m */,
				B72473701B8303CE00191850 /* Main.storyboard */,
				B72473731B8303CE00191850 /* Images.xcassets */,
				B72473751B8303CE00191850 /* LaunchScreen.xib */,
				B72473661B8303CE00191850 /* Supporting Files */,
				B724738C1B83082B00191850 /* CA.h */,
				B724738D1B83082B00191850 /* CA.m */,
			);
			path = runTime;
			sourceTree = "<group>";
		};
		B72473661B8303CE00191850 /* Supporting Files */ = {
			isa = PBXGroup;
			children = (
				B72473671B8303CE00191850 /* Info.plist */,
				B72473681B8303CE00191850 /* main.m */,
			);
			name = "Supporting Files";
			sourceTree = "<group>";
		};
		B724737F1B8303CE00191850 /* runTimeTests */ = {
			isa = PBXGroup;
			children = (
				B72473821B8303CE00191850 /* runTimeTests.m */,
				B72473801B8303CE00191850 /* Supporting Files */,
			);
			path = runTimeTests;
			sourceTree = "<group>";
		};
		B72473801B8303CE00191850 /* Supporting Files */ = {
			isa = PBXGroup;
			children = (
				B72473811B8303CE00191850 /* Info.plist */,
			);
			name = "Supporting Files";
			sourceTree = "<group>";
		};
/* End PBXGroup section */

/* Begin PBXNativeTarget section */
		B72473621B8303CE00191850 /* runTime */ = {
			isa = PBXNativeTarget;
			buildConfigurationList = B72473861B8303CE00191850 /* Build configuration list for PBXNativeTarget "runTime" */;
			buildPhases = (
				B724735F1B8303CE00191850 /* Sources */,
				B72473601B8303CE00191850 /* Frameworks */,
				B72473611B8303CE00191850 /* Resources */,
			);
			buildRules = (
			);
			dependencies = (
			);
			name = runTime;
			productName = runTime;
			productReference = B72473631B8303CE00191850 /* runTime.app */;
			productType = "com.apple.product-type.application";
		};
		B724737B1B8303CE00191850 /* runTimeTests */ = {
			isa = PBXNativeTarget;
			buildConfigurationList = B72473891B8303CE00191850 /* Build configuration list for PBXNativeTarget "runTimeTests" */;
			buildPhases = (
				B72473781B8303CE00191850 /* Sources */,
				B72473791B8303CE00191850 /* Frameworks */,
				B724737A1B8303CE00191850 /* Resources */,
			);
			buildRules = (
			);
			dependencies = (
				B724737E1B8303CE00191850 /* PBXTargetDependency */,
			);
			name = runTimeTests;
			productName = runTimeTests;
			productReference = B724737C1B8303CE00191850 /* runTimeTests.xctest */;
			productType = "com.apple.product-type.bundle.unit-test";
		};
/* End PBXNativeTarget section */

/* Begin PBXProject section */
		B724735B1B8303CE00191850 /* Project object */ = {
			isa = PBXProject;
			attributes = {
				LastUpgradeCheck = 0640;
				ORGANIZATIONNAME = "徐继垚";
				TargetAttributes = {
					B72473621B8303CE00191850 = {
						CreatedOnToolsVersion = 6.4;
					};
					B724737B1B8303CE00191850 = {
						CreatedOnToolsVersion = 6.4;
						TestTargetID = B72473621B8303CE00191850;
					};
				};
			};
			buildConfigurationList = B724735E1B8303CE00191850 /* Build configuration list for PBXProject "runTime" */;
			compatibilityVersion = "Xcode 3.2";
			developmentRegion = English;
			hasScannedForEncodings = 0;
			knownRegions = (
				en,
				Base,
			);
			mainGroup = B724735A1B8303CE00191850;
			productRefGroup = B72473641B8303CE00191850 /* Products */;
			projectDirPath = "";
			projectRoot = "";
			targets = (
				B72473621B8303CE00191850 /* runTime */,
				B724737B1B8303CE00191850 /* runTimeTests */,
			);
		};
/* End PBXProject section */

/* Begin PBXResourcesBuildPhase section */
		B72473611B8303CE00191850 /* Resources */ = {
			isa = PBXResourcesBuildPhase;
			buildActionMask = 2147483647;
			files = (
				B72473721B8303CE00191850 /* Main.storyboard in Resources */,
				B72473771B8303CE00191850 /* LaunchScreen.xib in Resources */,
				B72473741B8303CE00191850 /* Images.xcassets in Resources */,
			);
			runOnlyForDeploymentPostprocessing = 0;
		};
		B724737A1B8303CE00191850 /* Resources */ = {
			isa = PBXResourcesBuildPhase;
			buildActionMask = 2147483647;
			files = (
			);
			runOnlyForDeploymentPostprocessing = 0;
		};
/* End PBXResourcesBuildPhase section */

/* Begin PBXSourcesBuildPhase section */
		B724735F1B8303CE00191850 /* Sources */ = {
			isa = PBXSourcesBuildPhase;
			buildActionMask = 2147483647;
			files = (
				B724736F1B8303CE00191850 /* ViewController.m in Sources */,
				B724736C1B8303CE00191850 /* AppDelegate.m in Sources */,
				B72473691B8303CE00191850 /* main.m in Sources */,
				B724738E1B83082B00191850 /* CA.m in Sources */,
			);
			runOnlyForDeploymentPostprocessing = 0;
		};
		B72473781B8303CE00191850 /* Sources */ = {
			isa = PBXSourcesBuildPhase;
			buildActionMask = 2147483647;
			files = (
				B72473831B8303CE00191850 /* runTimeTests.m in Sources */,
			);
			runOnlyForDeploymentPostprocessing = 0;
		};
/* End PBXSourcesBuildPhase section */

/* Begin PBXTargetDependency section */
		B724737E1B8303CE00191850 /* PBXTargetDependency */ = {
			isa = PBXTargetDependency;
			target = B72473621B8303CE00191850 /* runTime */;
			targetProxy = B724737D1B8303CE00191850 /* PBXContainerItemProxy */;
		};
/* End PBXTargetDependency section */

/* Begin PBXVariantGroup section */
		B72473701B8303CE00191850 /* Main.storyboard */ = {
			isa = PBXVariantGroup;
			children = (
				B72473711B8303CE00191850 /* Base */,
			);
			name = Main.storyboard;
			sourceTree = "<group>";
		};
		B72473751B8303CE00191850 /* LaunchScreen.xib */ = {
			isa = PBXVariantGroup;
			children = (
				B72473761B8303CE00191850 /* Base */,
			);
			name = LaunchScreen.xib;
			sourceTree = "<group>";
		};
/* End PBXVariantGroup section */

/* Begin XCBuildConfiguration section */
		B72473841B8303CE00191850 /* Debug */ = {
			isa = XCBuildConfiguration;
			buildSettings = {
				ALWAYS_SEARCH_USER_PATHS = NO;
				CLANG_CXX_LANGUAGE_STANDARD = "gnu++0x";
				CLANG_CXX_LIBRARY = "libc++";
				CLANG_ENABLE_MODULES = YES;
				CLANG_ENABLE_OBJC_ARC = YES;
				CLANG_WARN_BOOL_CONVERSION = YES;
				CLANG_WARN_CONSTANT_CONVERSION = YES;
				CLANG_WARN_DIRECT_OBJC_ISA_USAGE = YES_ERROR;
				CLANG_WARN_EMPTY_BODY = YES;
				CLANG_WARN_ENUM_CONVERSION = YES;
				CLANG_WARN_INT_CONVERSION = YES;
				CLANG_WARN_OBJC_ROOT_CLASS = YES_ERROR;
				CLANG_WARN_UNREACHABLE_CODE = YES;
				CLANG_WARN__DUPLICATE_METHOD_MATCH = YES;
				"CODE_SIGN_IDENTITY[sdk=iphoneos*]" = "iPhone Developer";
				COPY_PHASE_STRIP = NO;
				DEBUG_INFORMATION_FORMAT = "dwarf-with-dsym";
				ENABLE_STRICT_OBJC_MSGSEND = YES;
				GCC_C_LANGUAGE_STANDARD = gnu99;
				GCC_DYNAMIC_NO_PIC = NO;
				GCC_NO_COMMON_BLOCKS = YES;
				GCC_OPTIMIZATION_LEVEL = 0;
				GCC_PREPROCESSOR_DEFINITIONS = (
					"DEBUG=1",
					"$(inherited)",
				);
				GCC_SYMBOLS_PRIVATE_EXTERN = NO;
				GCC_WARN_64_TO_32_BIT_CONVERSION = YES;
				GCC_WARN_ABOUT_RETURN_TYPE = YES_ERROR;
				GCC_WARN_UNDECLARED_SELECTOR = YES;
				GCC_WARN_UNINITIALIZED_AUTOS = YES_AGGRESSIVE;
				GCC_WARN_UNUSED_FUNCTION = YES;
				GCC_WARN_UNUSED_VARIABLE = YES;
				IPHONEOS_DEPLOYMENT_TARGET = 8.4;
				MTL_ENABLE_DEBUG_INFO = YES;
				ONLY_ACTIVE_ARCH = YES;
				SDKROOT = iphoneos;
			};
			name = Debug;
		};
		B72473851B8303CE00191850 /* Release */ = {
			isa = XCBuildConfiguration;
			buildSettings = {
				ALWAYS_SEARCH_USER_PATHS = NO;
				CLANG_CXX_LANGUAGE_STANDARD = "gnu++0x";
				CLANG_CXX_LIBRARY = "libc++";
				CLANG_ENABLE_MODULES = YES;
				CLANG_ENABLE_OBJC_ARC = YES;
				CLANG_WARN_BOOL_CONVERSION = YES;
				CLANG_WARN_CONSTANT_CONVERSION = YES;
				CLANG_WARN_DIRECT_OBJC_ISA_USAGE = YES_ERROR;
				CLANG_WARN_EMPTY_BODY = YES;
				CLANG_WARN_ENUM_CONVERSION = YES;
				CLANG_WARN_INT_CONVERSION = YES;
				CLANG_WARN_OBJC_ROOT_CLASS = YES_ERROR;
				CLANG_WARN_UNREACHABLE_CODE = YES;
				CLANG_WARN__DUPLICATE_METHOD_MATCH = YES;
				"CODE_SIGN_IDENTITY[sdk=iphoneos*]" = "iPhone Developer";
				COPY_PHASE_STRIP = NO;
				DEBUG_INFORMATION_FORMAT = "dwarf-with-dsym";
				ENABLE_NS_ASSERTIONS = NO;
				ENABLE_STRICT_OBJC_MSGSEND = YES;
				GCC_C_LANGUAGE_STANDARD = gnu99;
				GCC_NO_COMMON_BLOCKS = YES;
				GCC_WARN_64_TO_32_BIT_CONVERSION = YES;
				GCC_WARN_ABOUT_RETURN_TYPE = YES_ERROR;
				GCC_WARN_UNDECLARED_SELECTOR = YES;
				GCC_WARN_UNINITIALIZED_AUTOS = YES_AGGRESSIVE;
				GCC_WARN_UNUSED_FUNCTION = YES;
				GCC_WARN_UNUSED_VARIABLE = YES;
				IPHONEOS_DEPLOYMENT_TARGET = 8.4;
				MTL_ENABLE_DEBUG_INFO = NO;
				SDKROOT = iphoneos;
				VALIDATE_PRODUCT = YES;
			};
			name = Release;
		};
		B72473871B8303CE00191850 /* Debug */ = {
			isa = XCBuildConfiguration;
			buildSettings = {
				ASSETCATALOG_COMPILER_APPICON_NAME = AppIcon;
				INFOPLIST_FILE = runTime/Info.plist;
				LD_RUNPATH_SEARCH_PATHS = "$(inherited) @executable_path/Frameworks";
				PRODUCT_NAME = "$(TARGET_NAME)";
			};
			name = Debug;
		};
		B72473881B8303CE00191850 /* Release */ = {
			isa = XCBuildConfiguration;
			buildSettings = {
				ASSETCATALOG_COMPILER_APPICON_NAME = AppIcon;
				INFOPLIST_FILE = runTime/Info.plist;
				LD_RUNPATH_SEARCH_PATHS = "$(inherited) @executable_path/Frameworks";
				PRODUCT_NAME = "$(TARGET_NAME)";
			};
			name = Release;
		};
		B724738A1B8303CE00191850 /* Debug */ = {
			isa = XCBuildConfiguration;
			buildSettings = {
				BUNDLE_LOADER = "$(TEST_HOST)";
				FRAMEWORK_SEARCH_PATHS = (
					"$(SDKROOT)/Developer/Library/Frameworks",
					"$(inherited)",
				);
				GCC_PREPROCESSOR_DEFINITIONS = (
					"DEBUG=1",
					"$(inherited)",
				);
				INFOPLIST_FILE = runTimeTests/Info.plist;
				LD_RUNPATH_SEARCH_PATHS = "$(inherited) @executable_path/Frameworks @loader_path/Frameworks";
				PRODUCT_NAME = "$(TARGET_NAME)";
				TEST_HOST = "$(BUILT_PRODUCTS_DIR)/runTime.app/runTime";
			};
			name = Debug;
		};
		B724738B1B8303CE00191850 /* Release */ = {
			isa = XCBuildConfiguration;
			buildSettings = {
				BUNDLE_LOADER = "$(TEST_HOST)";
				FRAMEWORK_SEARCH_PATHS = (
					"$(SDKROOT)/Developer/Library/Frameworks",
					"$(inherited)",
				);
				INFOPLIST_FILE = runTimeTests/Info.plist;
				LD_RUNPATH_SEARCH_PATHS = "$(inherited) @executable_path/Frameworks @loader_path/Frameworks";
				PRODUCT_NAME = "$(TARGET_NAME)";
				TEST_HOST = "$(BUILT_PRODUCTS_DIR)/runTime.app/runTime";
			};
			name = Release;
		};
/* End XCBuildConfiguration section */

/* Begin XCConfigurationList section */
		B724735E1B8303CE00191850 /* Build configuration list for PBXProject "runTime" */ = {
			isa = XCConfigurationList;
			buildConfigurations = (
				B72473841B8303CE00191850 /* Debug */,
				B72473851B8303CE00191850 /* Release */,
			);
			defaultConfigurationIsVisible = 0;
			defaultConfigurationName = Release;
		};
		B72473861B8303CE00191850 /* Build configuration list for PBXNativeTarget "runTime" */ = {
			isa = XCConfigurationList;
			buildConfigurations = (
				B72473871B8303CE00191850 /* Debug */,
				B72473881B8303CE00191850 /* Release */,
			);
			defaultConfigurationIsVisible = 0;
		};
		B72473891B8303CE00191850 /* Build configuration list for PBXNativeTarget "runTimeTests" */ = {
			isa = XCConfigurationList;
			buildConfigurations = (
				B724738A1B8303CE00191850 /* Debug */,
				B724738B1B8303CE00191850 /* Release */,
			);
			defaultConfigurationIsVisible = 0;
		};
/* End XCConfigurationList section */
	};
	rootObject = B724735B1B8303CE00191850 /* Project object */;
}
